
Microsoft Visual Studio Solution File, Format Version 12.00
# Visual Studio Version 16
VisualStudioVersion = 16.0.31112.23
MinimumVisualStudioVersion = 10.0.40219.1
Project("{FAE04EC0-301F-11D3-BF4B-00C04F79EFBC}") = "JobCrawler", "JobCrawler\JobCrawler.csproj", "{F05A4853-A3D1-425B-89AE-9AF274A9BCBA}"
EndProject
Global
	GlobalSection(SolutionConfigurationPlatforms) = preSolution
		Debug|Any CPU = Debug|Any CPU
		Release|Any CPU = Release|Any CPU
	EndGlobalSection
	GlobalSection(ProjectConfigurationPlatforms) = postSolution
		{F05A4853-A3D1-425B-89AE-9AF274A9BCBA}.Debug|Any CPU.ActiveCfg = Debug|Any CPU
		{F05A4853-A3D1-425B-89AE-9AF274A9BCBA}.Debug|Any CPU.Build.0 = Debug|Any CPU
		{F05A4853-A3D1-425B-89AE-9AF274A9BCBA}.Release|Any CPU.ActiveCfg = Release|Any CPU
		{F05A4853-A3D1-425B-89AE-9AF274A9BCBA}.Release|Any CPU.Build.0 = Release|Any CPU
	EndGlobalSection
	GlobalSection(SolutionProperties) = preSolution
		HideSolutionNode = FALSE
	EndGlobalSection
	GlobalSection(ExtensibilityGlobals) = postSolution
		SolutionGuid = {E62DAD20-4EB4-4ABF-B4BF-48D20DBB6B14}
	EndGlobalSection
EndGlobal
